// !$*UTF8*$!
{
	archiveVersion = 1;
	classes = {
	};
	objectVersion = 56;
	objects = {

/* Begin PBXBuildFile section */
		DBFB4F362B43DD3800994B48 /* SUILessonApp.swift in Sources */ = {isa = PBXBuildFile; fileRef = DBFB4F352B43DD3800994B48 /* SUILessonApp.swift */; };
		DBFB4F382B43DD3800994B48 /* ContentView.swift in Sources */ = {isa = PBXBuildFile; fileRef = DBFB4F372B43DD3800994B48 /* ContentView.swift */; };
		DBFB4F3A2B43DD3900994B48 /* Assets.xcassets in Resources */ = {isa = PBXBuildFile; fileRef = DBFB4F392B43DD3900994B48 /* Assets.xcassets */; };
		DBFB4F3D2B43DD3900994B48 /* Preview Assets.xcassets in Resources */ = {isa = PBXBuildFile; fileRef = DBFB4F3C2B43DD3900994B48 /* Preview Assets.xcassets */; };
		DBFB4F472B43DD3900994B48 /* SUILessonTests.swift in Sources */ = {isa = PBXBuildFile; fileRef = DBFB4F462B43DD3900994B48 /* SUILessonTests.swift */; };
		DBFB4F512B43DD3900994B48 /* SUILessonUITests.swift in Sources */ = {isa = PBXBuildFile; fileRef = DBFB4F502B43DD3900994B48 /* SUILessonUITests.swift */; };
		DBFB4F532B43DD3900994B48 /* SUILessonUITestsLaunchTests.swift in Sources */ = {isa = PBXBuildFile; fileRef = DBFB4F522B43DD3900994B48 /* SUILessonUITestsLaunchTests.swift */; };
/* End PBXBuildFile section */

/* Begin PBXContainerItemProxy section */
		DBFB4F432B43DD3900994B48 /* PBXContainerItemProxy */ = {
			isa = PBXContainerItemProxy;
			containerPortal = DBFB4F2A2B43DD3800994B48 /* Project object */;
			proxyType = 1;
			remoteGlobalIDString = DBFB4F312B43DD3800994B48;
			remoteInfo = SUILesson;
		};
		DBFB4F4D2B43DD3900994B48 /* PBXContainerItemProxy */ = {
			isa = PBXContainerItemProxy;
			containerPortal = DBFB4F2A2B43DD3800994B48 /* Project object */;
			proxyType = 1;
			remoteGlobalIDString = DBFB4F312B43DD3800994B48;
			remoteInfo = SUILesson;
		};
/* End PBXContainerItemProxy section */

/* Begin PBXFileReference section */
		DBFB4F322B43DD3800994B48 /* SUILesson.app */ = {isa = PBXFileReference; explicitFileType = wrapper.application; includeInIndex = 0; path = SUILesson.app; sourceTree = BUILT_PRODUCTS_DIR; };
		DBFB4F352B43DD3800994B48 /* SUILessonApp.swift */ = {isa = PBXFileReference; lastKnownFileType = sourcecode.swift; path = SUILessonApp.swift; sourceTree = "<group>"; };
		DBFB4F372B43DD3800994B48 /* ContentView.swift */ = {isa = PBXFileReference; lastKnownFileType = sourcecode.swift; path = ContentView.swift; sourceTree = "<group>"; };
		DBFB4F392B43DD3900994B48 /* Assets.xcassets */ = {isa = PBXFileReference; lastKnownFileType = folder.assetcatalog; path = Assets.xcassets; sourceTree = "<group>"; };
		DBFB4F3C2B43DD3900994B48 /* Preview Assets.xcassets */ = {isa = PBXFileReference; lastKnownFileType = folder.assetcatalog; path = "Preview Assets.xcassets"; sourceTree = "<group>"; };
		DBFB4F422B43DD3900994B48 /* SUILessonTests.xctest */ = {isa = PBXFileReference; explicitFileType = wrapper.cfbundle; includeInIndex = 0; path = SUILessonTests.xctest; sourceTree = BUILT_PRODUCTS_DIR; };
		DBFB4F462B43DD3900994B48 /* SUILessonTests.swift */ = {isa = PBXFileReference; lastKnownFileType = sourcecode.swift; path = SUILessonTests.swift; sourceTree = "<group>"; };
		DBFB4F4C2B43DD3900994B48 /* SUILessonUITests.xctest */ = {isa = PBXFileReference; explicitFileType = wrapper.cfbundle; includeInIndex = 0; path = SUILessonUITests.xctest; sourceTree = BUILT_PRODUCTS_DIR; };
		DBFB4F502B43DD3900994B48 /* SUILessonUITests.swift */ = {isa = PBXFileReference; lastKnownFileType = sourcecode.swift; path = SUILessonUITests.swift; sourceTree = "<group>"; };
		DBFB4F522B43DD3900994B48 /* SUILessonUITestsLaunchTests.swift */ = {isa = PBXFileReference; lastKnownFileType = sourcecode.swift; path = SUILessonUITestsLaunchTests.swift; sourceTree = "<group>"; };
/* End PBXFileReference section */

/* Begin PBXFrameworksBuildPhase section */
		DBFB4F2F2B43DD3800994B48 /* Frameworks */ = {
			isa = PBXFrameworksBuildPhase;
			buildActionMask = 2147483647;
			files = (
			);
			runOnlyForDeploymentPostprocessing = 0;
		};
		DBFB4F3F2B43DD3900994B48 /* Frameworks */ = {
			isa = PBXFrameworksBuildPhase;
			buildActionMask = 2147483647;
			files = (
			);
			runOnlyForDeploymentPostprocessing = 0;
		};
		DBFB4F492B43DD3900994B48 /* Frameworks */ = {
			isa = PBXFrameworksBuildPhase;
			buildActionMask = 2147483647;
			files = (
			);
			runOnlyForDeploymentPostprocessing = 0;
		};
/* End PBXFrameworksBuildPhase section */

/* Begin PBXGroup section */
		DBFB4F292B43DD3800994B48 = {
			isa = PBXGroup;
			children = (
				DBFB4F342B43DD3800994B48 /* SUILesson */,
				DBFB4F452B43DD3900994B48 /* SUILessonTests */,
				DBFB4F4F2B43DD3900994B48 /* SUILessonUITests */,
				DBFB4F332B43DD3800994B48 /* Products */,
			);
			sourceTree = "<group>";
		};
		DBFB4F332B43DD3800994B48 /* Products */ = {
			isa = PBXGroup;
			children = (
				DBFB4F322B43DD3800994B48 /* SUILesson.app */,
				DBFB4F422B43DD3900994B48 /* SUILessonTests.xctest */,
				DBFB4F4C2B43DD3900994B48 /* SUILessonUITests.xctest */,
			);
			name = Products;
			sourceTree = "<group>";
		};
		DBFB4F342B43DD3800994B48 /* SUILesson */ = {
			isa = PBXGroup;
			children = (
				DBFB4F352B43DD3800994B48 /* SUILessonApp.swift */,
				DBFB4F372B43DD3800994B48 /* ContentView.swift */,
				DBFB4F392B43DD3900994B48 /* Assets.xcassets */,
				DBFB4F3B2B43DD3900994B48 /* Preview Content */,
			);
			path = SUILesson;
			sourceTree = "<group>";
		};
		DBFB4F3B2B43DD3900994B48 /* Preview Content */ = {
			isa = PBXGroup;
			children = (
				DBFB4F3C2B43DD3900994B48 /* Preview Assets.xcassets */,
			);
			path = "Preview Content";
			sourceTree = "<group>";
		};
		DBFB4F452B43DD3900994B48 /* SUILessonTests */ = {
			isa = PBXGroup;
			children = (
				DBFB4F462B43DD3900994B48 /* SUILessonTests.swift */,
			);
			path = SUILessonTests;
			sourceTree = "<group>";
		};
		DBFB4F4F2B43DD3900994B48 /* SUILessonUITests */ = {
			isa = PBXGroup;
			children = (
				DBFB4F502B43DD3900994B48 /* SUILessonUITests.swift */,
				DBFB4F522B43DD3900994B48 /* SUILessonUITestsLaunchTests.swift */,
			);
			path = SUILessonUITests;
			sourceTree = "<group>";
		};
/* End PBXGroup section */

/* Begin PBXNativeTarget section */
		DBFB4F312B43DD3800994B48 /* SUILesson */ = {
			isa = PBXNativeTarget;
			buildConfigurationList = DBFB4F562B43DD3900994B48 /* Build configuration list for PBXNativeTarget "SUILesson" */;
			buildPhases = (
				DBFB4F2E2B43DD3800994B48 /* Sources */,
				DBFB4F2F2B43DD3800994B48 /* Frameworks */,
				DBFB4F302B43DD3800994B48 /* Resources */,
			);
			buildRules = (
			);
			dependencies = (
			);
			name = SUILesson;
			productName = SUILesson;
			productReference = DBFB4F322B43DD3800994B48 /* SUILesson.app */;
			productType = "com.apple.product-type.application";
		};
		DBFB4F412B43DD3900994B48 /* SUILessonTests */ = {
			isa = PBXNativeTarget;
			buildConfigurationList = DBFB4F592B43DD3900994B48 /* Build configuration list for PBXNativeTarget "SUILessonTests" */;
			buildPhases = (
				DBFB4F3E2B43DD3900994B48 /* Sources */,
				DBFB4F3F2B43DD3900994B48 /* Frameworks */,
				DBFB4F402B43DD3900994B48 /* Resources */,
			);
			buildRules = (
			);
			dependencies = (
				DBFB4F442B43DD3900994B48 /* PBXTargetDependency */,
			);
			name = SUILessonTests;
			productName = SUILessonTests;
			productReference = DBFB4F422B43DD3900994B48 /* SUILessonTests.xctest */;
			productType = "com.apple.product-type.bundle.unit-test";
		};
		DBFB4F4B2B43DD3900994B48 /* SUILessonUITests */ = {
			isa = PBXNativeTarget;
			buildConfigurationList = DBFB4F5C2B43DD3900994B48 /* Build configuration list for PBXNativeTarget "SUILessonUITests" */;
			buildPhases = (
				DBFB4F482B43DD3900994B48 /* Sources */,
				DBFB4F492B43DD3900994B48 /* Frameworks */,
				DBFB4F4A2B43DD3900994B48 /* Resources */,
			);
			buildRules = (
			);
			dependencies = (
				DBFB4F4E2B43DD3900994B48 /* PBXTargetDependency */,
			);
			name = SUILessonUITests;
			productName = SUILessonUITests;
			productReference = DBFB4F4C2B43DD3900994B48 /* SUILessonUITests.xctest */;
			productType = "com.apple.product-type.bundle.ui-testing";
		};
/* End PBXNativeTarget section */

/* Begin PBXProject section */
		DBFB4F2A2B43DD3800994B48 /* Project object */ = {
			isa = PBXProject;
			attributes = {
				BuildIndependentTargetsInParallel = 1;
				LastSwiftUpdateCheck = 1510;
				LastUpgradeCheck = 1510;
				TargetAttributes = {
					DBFB4F312B43DD3800994B48 = {
						CreatedOnToolsVersion = 15.1;
					};
					DBFB4F412B43DD3900994B48 = {
						CreatedOnToolsVersion = 15.1;
						TestTargetID = DBFB4F312B43DD3800994B48;
					};
					DBFB4F4B2B43DD3900994B48 = {
						CreatedOnToolsVersion = 15.1;
						TestTargetID = DBFB4F312B43DD3800994B48;
					};
				};
			};
			buildConfigurationList = DBFB4F2D2B43DD3800994B48 /* Build configuration list for PBXProject "SUILesson" */;
			compatibilityVersion = "Xcode 14.0";
			developmentRegion = en;
			hasScannedForEncodings = 0;
			knownRegions = (
				en,
				Base,
			);
			mainGroup = DBFB4F292B43DD3800994B48;
			productRefGroup = DBFB4F332B43DD3800994B48 /* Products */;
			projectDirPath = "";
			projectRoot = "";
			targets = (
				DBFB4F312B43DD3800994B48 /* SUILesson */,
				DBFB4F412B43DD3900994B48 /* SUILessonTests */,
				DBFB4F4B2B43DD3900994B48 /* SUILessonUITests */,
			);
		};
/* End PBXProject section */

/* Begin PBXResourcesBuildPhase section */
		DBFB4F302B43DD3800994B48 /* Resources */ = {
			isa = PBXResourcesBuildPhase;
			buildActionMask = 2147483647;
			files = (
				DBFB4F3D2B43DD3900994B48 /* Preview Assets.xcassets in Resources */,
				DBFB4F3A2B43DD3900994B48 /* Assets.xcassets in Resources */,
			);
			runOnlyForDeploymentPostprocessing = 0;
		};
		DBFB4F402B43DD3900994B48 /* Resources */ = {
			isa = PBXResourcesBuildPhase;
			buildActionMask = 2147483647;
			files = (
			);
			runOnlyForDeploymentPostprocessing = 0;
		};
		DBFB4F4A2B43DD3900994B48 /* Resources */ = {
			isa = PBXResourcesBuildPhase;
			buildActionMask = 2147483647;
			files = (
			);
			runOnlyForDeploymentPostprocessing = 0;
		};
/* End PBXResourcesBuildPhase section */

/* Begin PBXSourcesBuildPhase section */
		DBFB4F2E2B43DD3800994B48 /* Sources */ = {
			isa = PBXSourcesBuildPhase;
			buildActionMask = 2147483647;
			files = (
				DBFB4F382B43DD3800994B48 /* ContentView.swift in Sources */,
				DBFB4F362B43DD3800994B48 /* SUILessonApp.swift in Sources */,
			);
			runOnlyForDeploymentPostprocessing = 0;
		};
		DBFB4F3E2B43DD3900994B48 /* Sources */ = {
			isa = PBXSourcesBuildPhase;
			buildActionMask = 2147483647;
			files = (
				DBFB4F472B43DD3900994B48 /* SUILessonTests.swift in Sources */,
			);
			runOnlyForDeploymentPostprocessing = 0;
		};
		DBFB4F482B43DD3900994B48 /* Sources */ = {
			isa = PBXSourcesBuildPhase;
			buildActionMask = 2147483647;
			files = (
				DBFB4F532B43DD3900994B48 /* SUILessonUITestsLaunchTests.swift in Sources */,
				DBFB4F512B43DD3900994B48 /* SUILessonUITests.swift in Sources */,
			);
			runOnlyForDeploymentPostprocessing = 0;
		};
/* End PBXSourcesBuildPhase section */

/* Begin PBXTargetDependency section */
		DBFB4F442B43DD3900994B48 /* PBXTargetDependency */ = {
			isa = PBXTargetDependency;
			target = DBFB4F312B43DD3800994B48 /* SUILesson */;
			targetProxy = DBFB4F432B43DD3900994B48 /* PBXContainerItemProxy */;
		};
		DBFB4F4E2B43DD3900994B48 /* PBXTargetDependency */ = {
			isa = PBXTargetDependency;
			target = DBFB4F312B43DD3800994B48 /* SUILesson */;
			targetProxy = DBFB4F4D2B43DD3900994B48 /* PBXContainerItemProxy */;
		};
/* End PBXTargetDependency section */

/* Begin XCBuildConfiguration section */
		DBFB4F542B43DD3900994B48 /* Debug */ = {
			isa = XCBuildConfiguration;
			buildSettings = {
				ALWAYS_SEARCH_USER_PATHS = NO;
				ASSETCATALOG_COMPILER_GENERATE_SWIFT_ASSET_SYMBOL_EXTENSIONS = YES;
				CLANG_ANALYZER_NONNULL = YES;
				CLANG_ANALYZER_NUMBER_OBJECT_CONVERSION = YES_AGGRESSIVE;
				CLANG_CXX_LANGUAGE_STANDARD = "gnu++20";
				CLANG_ENABLE_MODULES = YES;
				CLANG_ENABLE_OBJC_ARC = YES;
				CLANG_ENABLE_OBJC_WEAK = YES;
				CLANG_WARN_BLOCK_CAPTURE_AUTORELEASING = YES;
				CLANG_WARN_BOOL_CONVERSION = YES;
				CLANG_WARN_COMMA = YES;
				CLANG_WARN_CONSTANT_CONVERSION = YES;
				CLANG_WARN_DEPRECATED_OBJC_IMPLEMENTATIONS = YES;
				CLANG_WARN_DIRECT_OBJC_ISA_USAGE = YES_ERROR;
				CLANG_WARN_DOCUMENTATION_COMMENTS = YES;
				CLANG_WARN_EMPTY_BODY = YES;
				CLANG_WARN_ENUM_CONVERSION = YES;
				CLANG_WARN_INFINITE_RECURSION = YES;
				CLANG_WARN_INT_CONVERSION = YES;
				CLANG_WARN_NON_LITERAL_NULL_CONVERSION = YES;
				CLANG_WARN_OBJC_IMPLICIT_RETAIN_SELF = YES;
				CLANG_WARN_OBJC_LITERAL_CONVERSION = YES;
				CLANG_WARN_OBJC_ROOT_CLASS = YES_ERROR;
				CLANG_WARN_QUOTED_INCLUDE_IN_FRAMEWORK_HEADER = YES;
				CLANG_WARN_RANGE_LOOP_ANALYSIS = YES;
				CLANG_WARN_STRICT_PROTOTYPES = YES;
				CLANG_WARN_SUSPICIOUS_MOVE = YES;
				CLANG_WARN_UNGUARDED_AVAILABILITY = YES_AGGRESSIVE;
				CLANG_WARN_UNREACHABLE_CODE = YES;
				CLANG_WARN__DUPLICATE_METHOD_MATCH = YES;
				COPY_PHASE_STRIP = NO;
				DEBUG_INFORMATION_FORMAT = dwarf;
				ENABLE_STRICT_OBJC_MSGSEND = YES;
				ENABLE_TESTABILITY = YES;
				ENABLE_USER_SCRIPT_SANDBOXING = YES;
				GCC_C_LANGUAGE_STANDARD = gnu17;
				GCC_DYNAMIC_NO_PIC = NO;
				GCC_NO_COMMON_BLOCKS = YES;
				GCC_OPTIMIZATION_LEVEL = 0;
				GCC_PREPROCESSOR_DEFINITIONS = (
					"DEBUG=1",
					"$(inherited)",
				);
				GCC_WARN_64_TO_32_BIT_CONVERSION = YES;
				GCC_WARN_ABOUT_RETURN_TYPE = YES_ERROR;
				GCC_WARN_UNDECLARED_SELECTOR = YES;
				GCC_WARN_UNINITIALIZED_AUTOS = YES_AGGRESSIVE;
				GCC_WARN_UNUSED_FUNCTION = YES;
				GCC_WARN_UNUSED_VARIABLE = YES;
				IPHONEOS_DEPLOYMENT_TARGET = 17.2;
				LOCALIZATION_PREFERS_STRING_CATALOGS = YES;
				MTL_ENABLE_DEBUG_INFO = INCLUDE_SOURCE;
				MTL_FAST_MATH = YES;
				ONLY_ACTIVE_ARCH = YES;
				SDKROOT = iphoneos;
				SWIFT_ACTIVE_COMPILATION_CONDITIONS = "DEBUG $(inherited)";
				SWIFT_OPTIMIZATION_LEVEL = "-Onone";
			};
			name = Debug;
		};
		DBFB4F552B43DD3900994B48 /* Release */ = {
			isa = XCBuildConfiguration;
			buildSettings = {
				ALWAYS_SEARCH_USER_PATHS = NO;
				ASSETCATALOG_COMPILER_GENERATE_SWIFT_ASSET_SYMBOL_EXTENSIONS = YES;
				CLANG_ANALYZER_NONNULL = YES;
				CLANG_ANALYZER_NUMBER_OBJECT_CONVERSION = YES_AGGRESSIVE;
				CLANG_CXX_LANGUAGE_STANDARD = "gnu++20";
				CLANG_ENABLE_MODULES = YES;
				CLANG_ENABLE_OBJC_ARC = YES;
				CLANG_ENABLE_OBJC_WEAK = YES;
				CLANG_WARN_BLOCK_CAPTURE_AUTORELEASING = YES;
				CLANG_WARN_BOOL_CONVERSION = YES;
				CLANG_WARN_COMMA = YES;
				CLANG_WARN_CONSTANT_CONVERSION = YES;
				CLANG_WARN_DEPRECATED_OBJC_IMPLEMENTATIONS = YES;
				CLANG_WARN_DIRECT_OBJC_ISA_USAGE = YES_ERROR;
				CLANG_WARN_DOCUMENTATION_COMMENTS = YES;
				CLANG_WARN_EMPTY_BODY = YES;
				CLANG_WARN_ENUM_CONVERSION = YES;
				CLANG_WARN_INFINITE_RECURSION = YES;
				CLANG_WARN_INT_CONVERSION = YES;
				CLANG_WARN_NON_LITERAL_NULL_CONVERSION = YES;
				CLANG_WARN_OBJC_IMPLICIT_RETAIN_SELF = YES;
				CLANG_WARN_OBJC_LITERAL_CONVERSION = YES;
				CLANG_WARN_OBJC_ROOT_CLASS = YES_ERROR;
				CLANG_WARN_QUOTED_INCLUDE_IN_FRAMEWORK_HEADER = YES;
				CLANG_WARN_RANGE_LOOP_ANALYSIS = YES;
				CLANG_WARN_STRICT_PROTOTYPES = YES;
				CLANG_WARN_SUSPICIOUS_MOVE = YES;
				CLANG_WARN_UNGUARDED_AVAILABILITY = YES_AGGRESSIVE;
				CLANG_WARN_UNREACHABLE_CODE = YES;
				CLANG_WARN__DUPLICATE_METHOD_MATCH = YES;
				COPY_PHASE_STRIP = NO;
				DEBUG_INFORMATION_FORMAT = "dwarf-with-dsym";
				ENABLE_NS_ASSERTIONS = NO;
				ENABLE_STRICT_OBJC_MSGSEND = YES;
				ENABLE_USER_SCRIPT_SANDBOXING = YES;
				GCC_C_LANGUAGE_STANDARD = gnu17;
				GCC_NO_COMMON_BLOCKS = YES;
				GCC_WARN_64_TO_32_BIT_CONVERSION = YES;
				GCC_WARN_ABOUT_RETURN_TYPE = YES_ERROR;
				GCC_WARN_UNDECLARED_SELECTOR = YES;
				GCC_WARN_UNINITIALIZED_AUTOS = YES_AGGRESSIVE;
				GCC_WARN_UNUSED_FUNCTION = YES;
				GCC_WARN_UNUSED_VARIABLE = YES;
				IPHONEOS_DEPLOYMENT_TARGET = 17.2;
				LOCALIZATION_PREFERS_STRING_CATALOGS = YES;
				MTL_ENABLE_DEBUG_INFO = NO;
				MTL_FAST_MATH = YES;
				SDKROOT = iphoneos;
				SWIFT_COMPILATION_MODE = wholemodule;
				VALIDATE_PRODUCT = YES;
			};
			name = Release;
		};
		DBFB4F572B43DD3900994B48 /* Debug */ = {
			isa = XCBuildConfiguration;
			buildSettings = {
				ASSETCATALOG_COMPILER_APPICON_NAME = AppIcon;
				ASSETCATALOG_COMPILER_GLOBAL_ACCENT_COLOR_NAME = AccentColor;
				CODE_SIGN_STYLE = Automatic;
				CURRENT_PROJECT_VERSION = 1;
				DEVELOPMENT_ASSET_PATHS = "\"SUILesson/Preview Content\"";
				ENABLE_PREVIEWS = YES;
				GENERATE_INFOPLIST_FILE = YES;
				INFOPLIST_KEY_UIApplicationSceneManifest_Generation = YES;
				INFOPLIST_KEY_UIApplicationSupportsIndirectInputEvents = YES;
				INFOPLIST_KEY_UILaunchScreen_Generation = YES;
				INFOPLIST_KEY_UISupportedInterfaceOrientations_iPad = "UIInterfaceOrientationPortrait UIInterfaceOrientationPortraitUpsideDown UIInterfaceOrientationLandscapeLeft UIInterfaceOrientationLandscapeRight";
				INFOPLIST_KEY_UISupportedInterfaceOrientations_iPhone = "UIInterfaceOrientationPortrait UIInterfaceOrientationLandscapeLeft UIInterfaceOrientationLandscapeRight";
				LD_RUNPATH_SEARCH_PATHS = (
					"$(inherited)",
					"@executable_path/Frameworks",
				);
				MARKETING_VERSION = 1.0;
				PRODUCT_BUNDLE_IDENTIFIER = Aset.SUILesson;
				PRODUCT_NAME = "$(TARGET_NAME)";
				SWIFT_EMIT_LOC_STRINGS = YES;
				SWIFT_VERSION = 5.0;
				TARGETED_DEVICE_FAMILY = "1,2";
			};
			name = Debug;
		};
		DBFB4F582B43DD3900994B48 /* Release */ = {
			isa = XCBuildConfiguration;
			buildSettings = {
				ASSETCATALOG_COMPILER_APPICON_NAME = AppIcon;
				ASSETCATALOG_COMPILER_GLOBAL_ACCENT_COLOR_NAME = AccentColor;
				CODE_SIGN_STYLE = Automatic;
				CURRENT_PROJECT_VERSION = 1;
				DEVELOPMENT_ASSET_PATHS = "\"SUILesson/Preview Content\"";
				ENABLE_PREVIEWS = YES;
				GENERATE_INFOPLIST_FILE = YES;
				INFOPLIST_KEY_UIApplicationSceneManifest_Generation = YES;
				INFOPLIST_KEY_UIApplicationSupportsIndirectInputEvents = YES;
				INFOPLIST_KEY_UILaunchScreen_Generation = YES;
				INFOPLIST_KEY_UISupportedInterfaceOrientations_iPad = "UIInterfaceOrientationPortrait UIInterfaceOrientationPortraitUpsideDown UIInterfaceOrientationLandscapeLeft UIInterfaceOrientationLandscapeRight";
				INFOPLIST_KEY_UISupportedInterfaceOrientations_iPhone = "UIInterfaceOrientationPortrait UIInterfaceOrientationLandscapeLeft UIInterfaceOrientationLandscapeRight";
				LD_RUNPATH_SEARCH_PATHS = (
					"$(inherited)",
					"@executable_path/Frameworks",
				);
				MARKETING_VERSION = 1.0;
				PRODUCT_BUNDLE_IDENTIFIER = Aset.SUILesson;
				PRODUCT_NAME = "$(TARGET_NAME)";
				SWIFT_EMIT_LOC_STRINGS = YES;
				SWIFT_VERSION = 5.0;
				TARGETED_DEVICE_FAMILY = "1,2";
			};
			name = Release;
		};
		DBFB4F5A2B43DD3900994B48 /* Debug */ = {
			isa = XCBuildConfiguration;
			buildSettings = {
				ALWAYS_EMBED_SWIFT_STANDARD_LIBRARIES = YES;
				BUNDLE_LOADER = "$(TEST_HOST)";
				CODE_SIGN_STYLE = Automatic;
				CURRENT_PROJECT_VERSION = 1;
				GENERATE_INFOPLIST_FILE = YES;
				IPHONEOS_DEPLOYMENT_TARGET = 17.2;
				MARKETING_VERSION = 1.0;
				PRODUCT_BUNDLE_IDENTIFIER = Aset.SUILessonTests;
				PRODUCT_NAME = "$(TARGET_NAME)";
				SWIFT_EMIT_LOC_STRINGS = NO;
				SWIFT_VERSION = 5.0;
				TARGETED_DEVICE_FAMILY = "1,2";
				TEST_HOST = "$(BUILT_PRODUCTS_DIR)/SUILesson.app/$(BUNDLE_EXECUTABLE_FOLDER_PATH)/SUILesson";
			};
			name = Debug;
		};
		DBFB4F5B2B43DD3900994B48 /* Release */ = {
			isa = XCBuildConfiguration;
			buildSettings = {
				ALWAYS_EMBED_SWIFT_STANDARD_LIBRARIES = YES;
				BUNDLE_LOADER = "$(TEST_HOST)";
				CODE_SIGN_STYLE = Automatic;
				CURRENT_PROJECT_VERSION = 1;
				GENERATE_INFOPLIST_FILE = YES;
				IPHONEOS_DEPLOYMENT_TARGET = 17.2;
				MARKETING_VERSION = 1.0;
				PRODUCT_BUNDLE_IDENTIFIER = Aset.SUILessonTests;
				PRODUCT_NAME = "$(TARGET_NAME)";
				SWIFT_EMIT_LOC_STRINGS = NO;
				SWIFT_VERSION = 5.0;
				TARGETED_DEVICE_FAMILY = "1,2";
				TEST_HOST = "$(BUILT_PRODUCTS_DIR)/SUILesson.app/$(BUNDLE_EXECUTABLE_FOLDER_PATH)/SUILesson";
			};
			name = Release;
		};
		DBFB4F5D2B43DD3900994B48 /* Debug */ = {
			isa = XCBuildConfiguration;
			buildSettings = {
				ALWAYS_EMBED_SWIFT_STANDARD_LIBRARIES = YES;
				CODE_SIGN_STYLE = Automatic;
				CURRENT_PROJECT_VERSION = 1;
				GENERATE_INFOPLIST_FILE = YES;
				MARKETING_VERSION = 1.0;
				PRODUCT_BUNDLE_IDENTIFIER = Aset.SUILessonUITests;
				PRODUCT_NAME = "$(TARGET_NAME)";
				SWIFT_EMIT_LOC_STRINGS = NO;
				SWIFT_VERSION = 5.0;
				TARGETED_DEVICE_FAMILY = "1,2";
				TEST_TARGET_NAME = SUILesson;
			};
			name = Debug;
		};
		DBFB4F5E2B43DD3900994B48 /* Release */ = {
			isa = XCBuildConfiguration;
			buildSettings = {
				ALWAYS_EMBED_SWIFT_STANDARD_LIBRARIES = YES;
				CODE_SIGN_STYLE = Automatic;
				CURRENT_PROJECT_VERSION = 1;
				GENERATE_INFOPLIST_FILE = YES;
				MARKETING_VERSION = 1.0;
				PRODUCT_BUNDLE_IDENTIFIER = Aset.SUILessonUITests;
				PRODUCT_NAME = "$(TARGET_NAME)";
				SWIFT_EMIT_LOC_STRINGS = NO;
				SWIFT_VERSION = 5.0;
				TARGETED_DEVICE_FAMILY = "1,2";
				TEST_TARGET_NAME = SUILesson;
			};
			name = Release;
		};
/* End XCBuildConfiguration section */

/* Begin XCConfigurationList section */
		DBFB4F2D2B43DD3800994B48 /* Build configuration list for PBXProject "SUILesson" */ = {
			isa = XCConfigurationList;
			buildConfigurations = (
				DBFB4F542B43DD3900994B48 /* Debug */,
				DBFB4F552B43DD3900994B48 /* Release */,
			);
			defaultConfigurationIsVisible = 0;
			defaultConfigurationName = Release;
		};
		DBFB4F562B43DD3900994B48 /* Build configuration list for PBXNativeTarget "SUILesson" */ = {
			isa = XCConfigurationList;
			buildConfigurations = (
				DBFB4F572B43DD3900994B48 /* Debug */,
				DBFB4F582B43DD3900994B48 /* Release */,
			);
			defaultConfigurationIsVisible = 0;
			defaultConfigurationName = Release;
		};
		DBFB4F592B43DD3900994B48 /* Build configuration list for PBXNativeTarget "SUILessonTests" */ = {
			isa = XCConfigurationList;
			buildConfigurations = (
				DBFB4F5A2B43DD3900994B48 /* Debug */,
				DBFB4F5B2B43DD3900994B48 /* Release */,
			);
			defaultConfigurationIsVisible = 0;
			defaultConfigurationName = Release;
		};
		DBFB4F5C2B43DD3900994B48 /* Build configuration list for PBXNativeTarget "SUILessonUITests" */ = {
			isa = XCConfigurationList;
			buildConfigurations = (
				DBFB4F5D2B43DD3900994B48 /* Debug */,
				DBFB4F5E2B43DD3900994B48 /* Release */,
			);
			defaultConfigurationIsVisible = 0;
			defaultConfigurationName = Release;
		};
/* End XCConfigurationList section */
	};
	rootObject = DBFB4F2A2B43DD3800994B48 /* Project object */;
}
